{
  "lockfile_version": "1",
  "packages": {
    "coreutils@latest": {
      "last_modified": "2024-12-23T21:10:33Z",
      "resolved": "github:NixOS/nixpkgs/de1864217bfa9b5845f465e771e0ecb48b30e02d#coreutils",
      "source": "devbox-search",
      "version": "9.5",
      "systems": {
        "aarch64-darwin": {
          "outputs": [
            {
              "name": "out",
              "path": "/nix/store/p9m0bsw49c5m6wnm3m4fs97yx5rxcmfj-coreutils-9.5",
              "default": true
            },
            {
              "name": "info",
              "path": "/nix/store/c263jjqg2mpap2fagjl34lziidkgph3i-coreutils-9.5-info"
            }
          ],
          "store_path": "/nix/store/p9m0bsw49c5m6wnm3m4fs97yx5rxcmfj-coreutils-9.5"
        },
        "aarch64-linux": {
          "outputs": [
            {
              "name": "out",
              "path": "/nix/store/lhd4sbpf3l9jxmb8sl6881l924q151j0-coreutils-9.5",
              "default": true
            },
            {
              "name": "debug",
              "path": "/nix/store/r1x885lysldxid2575k87nld06pkbf4v-coreutils-9.5-debug"
            },
            {
              "name": "info",
              "path": "/nix/store/xqglm4755lgpjrdyxi5f52fljrcarvqc-coreutils-9.5-info"
            }
          ],
          "store_path": "/nix/store/lhd4sbpf3l9jxmb8sl6881l924q151j0-coreutils-9.5"
        },
        "x86_64-darwin": {
          "outputs": [
            {
              "name": "out",
              "path": "/nix/store/ka9bhk1lwdqyv47kkw6ppqgx010xwghn-coreutils-9.5",
              "default": true
            },
            {
              "name": "info",
              "path": "/nix/store/aghncv047lvr0xhil8fwwxpk6bi5yalh-coreutils-9.5-info"
            }
          ],
          "store_path": "/nix/store/ka9bhk1lwdqyv47kkw6ppqgx010xwghn-coreutils-9.5"
        },
        "x86_64-linux": {
          "outputs": [
            {
              "name": "out",
              "path": "/nix/store/4s9rah4cwaxflicsk5cndnknqlk9n4p3-coreutils-9.5",
              "default": true
            },
            {
              "name": "debug",
              "path": "/nix/store/zs8k0d5dx7nkvs6vmxmkr1jdz3px2fhi-coreutils-9.5-debug"
            },
            {
              "name": "info",
              "path": "/nix/store/hm7bqb710681rxgrq8b6l9zms50aj4k5-coreutils-9.5-info"
            }
          ],
          "store_path": "/nix/store/4s9rah4cwaxflicsk5cndnknqlk9n4p3-coreutils-9.5"
        }
      }
    },
    "docker@latest": {
      "last_modified": "2025-01-16T05:04:52Z",
      "resolved": "github:NixOS/nixpkgs/ae06b9c2d83cb5c8b12d7d0e32692e93d1379713#docker",
      "source": "devbox-search",
      "version": "27.5.0",
      "systems": {
        "aarch64-darwin": {
          "outputs": [
            {
              "name": "out",
              "path": "/nix/store/df724zgbb3fqpgdm0r88nfl52g3m91pj-docker-27.5.0",
              "default": true
            }
          ],
          "store_path": "/nix/store/df724zgbb3fqpgdm0r88nfl52g3m91pj-docker-27.5.0"
        },
        "aarch64-linux": {
          "outputs": [
            {
              "name": "out",
              "path": "/nix/store/myrxd1yfgkjfm93s9c4mhwmj7w9gk9yz-docker-27.5.0",
              "default": true
            }
          ],
          "store_path": "/nix/store/myrxd1yfgkjfm93s9c4mhwmj7w9gk9yz-docker-27.5.0"
        },
        "x86_64-darwin": {
          "outputs": [
            {
              "name": "out",
              "path": "/nix/store/r38v3nm4p5myrwmr1x5ia7xqqs9q6dgm-docker-27.5.0",
              "default": true
            }
          ],
          "store_path": "/nix/store/r38v3nm4p5myrwmr1x5ia7xqqs9q6dgm-docker-27.5.0"
        },
        "x86_64-linux": {
          "outputs": [
            {
              "name": "out",
              "path": "/nix/store/x0fj609dyh29chy2c5shg1y52nmaq7ja-docker-27.5.0",
              "default": true
            }
          ],
          "store_path": "/nix/store/x0fj609dyh29chy2c5shg1y52nmaq7ja-docker-27.5.0"
        }
      }
    },
    "github:NixOS/nixpkgs/nixpkgs-unstable": {
      "resolved": "github:NixOS/nixpkgs/507b63021ada5fee621b6ca371c4fca9ca46f52c?lastModified=1745377448&narHash=sha256-jhZDfXVKdD7TSEGgzFJQvEEZ2K65UMiqW5YJ2aIqxMA%3D"
    },
    "nodejs_22@latest": {
      "last_modified": "2025-03-29T14:41:00Z",
      "plugin_version": "0.0.2",
      "resolved": "github:NixOS/nixpkgs/eb0e0f21f15c559d2ac7633dc81d079d1caf5f5f#nodejs_22",
      "source": "devbox-search",
      "version": "22.14.0",
      "systems": {
        "aarch64-darwin": {
          "outputs": [
            {
              "name": "out",
              "path": "/nix/store/i1v519j66jmvpqr5h382i9nanxwa5l6n-nodejs-22.14.0",
              "default": true
            },
            {
              "name": "libv8",
              "path": "/nix/store/4m6xhygkx74fsd5k99nihgr7vg85f553-nodejs-22.14.0-libv8"
            }
          ],
          "store_path": "/nix/store/i1v519j66jmvpqr5h382i9nanxwa5l6n-nodejs-22.14.0"
        },
        "aarch64-linux": {
          "outputs": [
            {
              "name": "out",
              "path": "/nix/store/p6183qmkyfkz5sqlv4wbw6a2nnh1r8jf-nodejs-22.14.0",
              "default": true
            },
            {
              "name": "libv8",
              "path": "/nix/store/s8407q9aa2mi2b60zk2mkjjdnv4qw87x-nodejs-22.14.0-libv8"
            }
          ],
          "store_path": "/nix/store/p6183qmkyfkz5sqlv4wbw6a2nnh1r8jf-nodejs-22.14.0"
        },
        "x86_64-darwin": {
          "outputs": [
            {
              "name": "out",
              "path": "/nix/store/mxpq0x25ayiliy6938pflhqvfc1nznkl-nodejs-22.14.0",
              "default": true
            },
            {
              "name": "libv8",
              "path": "/nix/store/sx5pbfq09qkl6bfxcljmhf5s1z049693-nodejs-22.14.0-libv8"
            }
          ],
          "store_path": "/nix/store/mxpq0x25ayiliy6938pflhqvfc1nznkl-nodejs-22.14.0"
        },
        "x86_64-linux": {
          "outputs": [
            {
              "name": "out",
              "path": "/nix/store/bmakyv5ip1wc9jk155glzdw4vnnrym04-nodejs-22.14.0",
              "default": true
            },
            {
              "name": "libv8",
              "path": "/nix/store/j4w6685rkqwwl03cc8phm8xiyb2xmbnq-nodejs-22.14.0-libv8"
            }
          ],
          "store_path": "/nix/store/bmakyv5ip1wc9jk155glzdw4vnnrym04-nodejs-22.14.0"
        }
      }
    },
    "pnpm@latest": {
      "last_modified": "2025-04-08T07:10:31Z",
      "resolved": "github:NixOS/nixpkgs/b2b0718004cc9a5bca610326de0a82e6ea75920b#pnpm",
      "source": "devbox-search",
      "version": "10.8.0",
      "systems": {
        "aarch64-darwin": {
          "outputs": [
            {
              "name": "out",
              "path": "/nix/store/lk5zn7zj9aapazn25l8qag76kmnvdpn3-pnpm-10.8.0",
              "default": true
            }
          ],
          "store_path": "/nix/store/lk5zn7zj9aapazn25l8qag76kmnvdpn3-pnpm-10.8.0"
        },
        "aarch64-linux": {
          "outputs": [
            {
              "name": "out",
              "path": "/nix/store/qqgg823s3vd2hlhiwh92ci1zn0snnlb5-pnpm-10.8.0",
              "default": true
            }
          ],
          "store_path": "/nix/store/qqgg823s3vd2hlhiwh92ci1zn0snnlb5-pnpm-10.8.0"
        },
        "x86_64-darwin": {
          "outputs": [
            {
              "name": "out",
              "path": "/nix/store/yacdhmmyqskcgcwnaxlz60cl4s29g1wb-pnpm-10.8.0",
              "default": true
            }
          ],
          "store_path": "/nix/store/yacdhmmyqskcgcwnaxlz60cl4s29g1wb-pnpm-10.8.0"
        },
        "x86_64-linux": {
          "outputs": [
            {
              "name": "out",
              "path": "/nix/store/kclz9i3vq2fz8nnn947l773a95fj77z3-pnpm-10.8.0",
              "default": true
            }
          ],
          "store_path": "/nix/store/kclz9i3vq2fz8nnn947l773a95fj77z3-pnpm-10.8.0"
        }
      }
    },
    "toml-cli@latest": {
      "last_modified": "2024-12-23T21:10:33Z",
      "resolved": "github:NixOS/nixpkgs/de1864217bfa9b5845f465e771e0ecb48b30e02d#toml-cli",
      "source": "devbox-search",
      "version": "0.2.3",
      "systems": {
        "aarch64-darwin": {
          "outputs": [
            {
              "name": "out",
              "path": "/nix/store/183jna8sdhmn044r90gpf8ng74kqsczr-toml-cli-0.2.3",
              "default": true
            }
          ],
          "store_path": "/nix/store/183jna8sdhmn044r90gpf8ng74kqsczr-toml-cli-0.2.3"
        },
        "aarch64-linux": {
          "outputs": [
            {
              "name": "out",
              "path": "/nix/store/gnayfi2zp5953ddl7cqvvi1ncjj3m45h-toml-cli-0.2.3",
              "default": true
            }
          ],
          "store_path": "/nix/store/gnayfi2zp5953ddl7cqvvi1ncjj3m45h-toml-cli-0.2.3"
        },
        "x86_64-darwin": {
          "outputs": [
            {
              "name": "out",
              "path": "/nix/store/7b45xyxhf465mmvkif30zhs4hy5jsviz-toml-cli-0.2.3",
              "default": true
            }
          ],
          "store_path": "/nix/store/7b45xyxhf465mmvkif30zhs4hy5jsviz-toml-cli-0.2.3"
        },
        "x86_64-linux": {
          "outputs": [
            {
              "name": "out",
              "path": "/nix/store/zn7acmfra5gy0ip0sqba4bc6z7x4nsn3-toml-cli-0.2.3",
              "default": true
            }
          ],
          "store_path": "/nix/store/zn7acmfra5gy0ip0sqba4bc6z7x4nsn3-toml-cli-0.2.3"
        }
      }
    }
  }
}
